
Microsoft Visual Studio Solution File, Format Version 12.00
# Visual Studio Version 17
VisualStudioVersion = 17.6.33829.357
MinimumVisualStudioVersion = 10.0.40219.1
Project("{FAE04EC0-301F-11D3-BF4B-00C04F79EFBC}") = "TaskManagerSystem", "TaskManagerSystem.csproj", "{CA2B6ED5-3CDD-4C33-BFCD-EFC30F8A0F4D}"
EndProject
Global
	GlobalSection(SolutionConfigurationPlatforms) = preSolution
		Debug|Any CPU = Debug|Any CPU
		Release|Any CPU = Release|Any CPU
	EndGlobalSection
	GlobalSection(ProjectConfigurationPlatforms) = postSolution
		{CA2B6ED5-3CDD-4C33-BFCD-EFC30F8A0F4D}.Debug|Any CPU.ActiveCfg = Debug|Any CPU
		{CA2B6ED5-3CDD-4C33-BFCD-EFC30F8A0F4D}.Debug|Any CPU.Build.0 = Debug|Any CPU
		{CA2B6ED5-3CDD-4C33-BFCD-EFC30F8A0F4D}.Release|Any CPU.ActiveCfg = Release|Any CPU
		{CA2B6ED5-3CDD-4C33-BFCD-EFC30F8A0F4D}.Release|Any CPU.Build.0 = Release|Any CPU
	EndGlobalSection
	GlobalSection(SolutionProperties) = preSolution
		HideSolutionNode = FALSE
	EndGlobalSection
	GlobalSection(ExtensibilityGlobals) = postSolution
		SolutionGuid = {3E744029-A1F0-44C2-A19E-E40AC6E0144E}
	EndGlobalSection
EndGlobal
